
Microsoft Visual Studio Solution File, Format Version 12.00
# Visual Studio Version 17
VisualStudioVersion = 17.0.31903.59
MinimumVisualStudioVersion = 10.0.40219.1
Project("{FAE04EC0-301F-11D3-BF4B-00C04F79EFBC}") = "trilha-net-fundamentos-desafio", "Backend\trilha-net-fundamentos-desafio.csproj", "{7ACFFC9D-DEE0-411C-9DAF-CD5BD37223B6}"
EndProject
Project("{FAE04EC0-301F-11D3-BF4B-00C04F79EFBC}") = "Parking.Shared", "Parking.Shared\Parking.Shared.csproj", "{669DA6AE-1BF7-4D9A-82B0-523F76CE5C52}"
EndProject
Project("{2150E333-8FDC-42A3-9474-1A3956D46DE8}") = "newFrontend", "newFrontend", "{F0148F11-A5A8-DB69-AF32-CF4A822DFED8}"
EndProject
Project("{FAE04EC0-301F-11D3-BF4B-00C04F79EFBC}") = "newFrontend.Client", "newFrontend\newFrontend.Client\newFrontend.Client.csproj", "{524772F0-68DF-421A-8786-98BC3A649AE9}"
EndProject
Project("{2150E333-8FDC-42A3-9474-1A3956D46DE8}") = "Tests", "Tests", "{0AB3BF05-4346-4AA6-1389-037BE0695223}"
EndProject
Project("{FAE04EC0-301F-11D3-BF4B-00C04F79EFBC}") = "Backend.UnitTests", "Tests\Backend.UnitTests\Backend.UnitTests.csproj", "{A9437722-0D89-472A-8C9E-005BE0198E0D}"
EndProject
Project("{2150E333-8FDC-42A3-9474-1A3956D46DE8}") = "Backend", "Backend", "{1AE8ACA6-933B-BF2A-3671-3E2EAC007D16}"
EndProject
Global
	GlobalSection(SolutionConfigurationPlatforms) = preSolution
		Debug|Any CPU = Debug|Any CPU
		Debug|x64 = Debug|x64
		Debug|x86 = Debug|x86
		Release|Any CPU = Release|Any CPU
		Release|x64 = Release|x64
		Release|x86 = Release|x86
	EndGlobalSection
	GlobalSection(ProjectConfigurationPlatforms) = postSolution
		{7ACFFC9D-DEE0-411C-9DAF-CD5BD37223B6}.Debug|Any CPU.ActiveCfg = Debug|Any CPU
		{7ACFFC9D-DEE0-411C-9DAF-CD5BD37223B6}.Debug|Any CPU.Build.0 = Debug|Any CPU
		{7ACFFC9D-DEE0-411C-9DAF-CD5BD37223B6}.Debug|x64.ActiveCfg = Debug|Any CPU
		{7ACFFC9D-DEE0-411C-9DAF-CD5BD37223B6}.Debug|x64.Build.0 = Debug|Any CPU
		{7ACFFC9D-DEE0-411C-9DAF-CD5BD37223B6}.Debug|x86.ActiveCfg = Debug|Any CPU
		{7ACFFC9D-DEE0-411C-9DAF-CD5BD37223B6}.Debug|x86.Build.0 = Debug|Any CPU
		{7ACFFC9D-DEE0-411C-9DAF-CD5BD37223B6}.Release|Any CPU.ActiveCfg = Release|Any CPU
		{7ACFFC9D-DEE0-411C-9DAF-CD5BD37223B6}.Release|Any CPU.Build.0 = Release|Any CPU
		{7ACFFC9D-DEE0-411C-9DAF-CD5BD37223B6}.Release|x64.ActiveCfg = Release|Any CPU
		{7ACFFC9D-DEE0-411C-9DAF-CD5BD37223B6}.Release|x64.Build.0 = Release|Any CPU
		{7ACFFC9D-DEE0-411C-9DAF-CD5BD37223B6}.Release|x86.ActiveCfg = Release|Any CPU
		{7ACFFC9D-DEE0-411C-9DAF-CD5BD37223B6}.Release|x86.Build.0 = Release|Any CPU
		{669DA6AE-1BF7-4D9A-82B0-523F76CE5C52}.Debug|Any CPU.ActiveCfg = Debug|Any CPU
		{669DA6AE-1BF7-4D9A-82B0-523F76CE5C52}.Debug|Any CPU.Build.0 = Debug|Any CPU
		{669DA6AE-1BF7-4D9A-82B0-523F76CE5C52}.Debug|x64.ActiveCfg = Debug|Any CPU
		{669DA6AE-1BF7-4D9A-82B0-523F76CE5C52}.Debug|x64.Build.0 = Debug|Any CPU
		{669DA6AE-1BF7-4D9A-82B0-523F76CE5C52}.Debug|x86.ActiveCfg = Debug|Any CPU
		{669DA6AE-1BF7-4D9A-82B0-523F76CE5C52}.Debug|x86.Build.0 = Debug|Any CPU
		{669DA6AE-1BF7-4D9A-82B0-523F76CE5C52}.Release|Any CPU.ActiveCfg = Release|Any CPU
		{669DA6AE-1BF7-4D9A-82B0-523F76CE5C52}.Release|Any CPU.Build.0 = Release|Any CPU
		{669DA6AE-1BF7-4D9A-82B0-523F76CE5C52}.Release|x64.ActiveCfg = Release|Any CPU
		{669DA6AE-1BF7-4D9A-82B0-523F76CE5C52}.Release|x64.Build.0 = Release|Any CPU
		{669DA6AE-1BF7-4D9A-82B0-523F76CE5C52}.Release|x86.ActiveCfg = Release|Any CPU
		{669DA6AE-1BF7-4D9A-82B0-523F76CE5C52}.Release|x86.Build.0 = Release|Any CPU
		{524772F0-68DF-421A-8786-98BC3A649AE9}.Debug|Any CPU.ActiveCfg = Debug|Any CPU
		{524772F0-68DF-421A-8786-98BC3A649AE9}.Debug|Any CPU.Build.0 = Debug|Any CPU
		{524772F0-68DF-421A-8786-98BC3A649AE9}.Debug|x64.ActiveCfg = Debug|Any CPU
		{524772F0-68DF-421A-8786-98BC3A649AE9}.Debug|x64.Build.0 = Debug|Any CPU
		{524772F0-68DF-421A-8786-98BC3A649AE9}.Debug|x86.ActiveCfg = Debug|Any CPU
		{524772F0-68DF-421A-8786-98BC3A649AE9}.Debug|x86.Build.0 = Debug|Any CPU
		{524772F0-68DF-421A-8786-98BC3A649AE9}.Release|Any CPU.ActiveCfg = Release|Any CPU
		{524772F0-68DF-421A-8786-98BC3A649AE9}.Release|Any CPU.Build.0 = Release|Any CPU
		{524772F0-68DF-421A-8786-98BC3A649AE9}.Release|x64.ActiveCfg = Release|Any CPU
		{524772F0-68DF-421A-8786-98BC3A649AE9}.Release|x64.Build.0 = Release|Any CPU
		{524772F0-68DF-421A-8786-98BC3A649AE9}.Release|x86.ActiveCfg = Release|Any CPU
		{524772F0-68DF-421A-8786-98BC3A649AE9}.Release|x86.Build.0 = Release|Any CPU
		{A9437722-0D89-472A-8C9E-005BE0198E0D}.Debug|Any CPU.ActiveCfg = Debug|Any CPU
		{A9437722-0D89-472A-8C9E-005BE0198E0D}.Debug|Any CPU.Build.0 = Debug|Any CPU
		{A9437722-0D89-472A-8C9E-005BE0198E0D}.Debug|x64.ActiveCfg = Debug|Any CPU
		{A9437722-0D89-472A-8C9E-005BE0198E0D}.Debug|x64.Build.0 = Debug|Any CPU
		{A9437722-0D89-472A-8C9E-005BE0198E0D}.Debug|x86.ActiveCfg = Debug|Any CPU
		{A9437722-0D89-472A-8C9E-005BE0198E0D}.Debug|x86.Build.0 = Debug|Any CPU
		{A9437722-0D89-472A-8C9E-005BE0198E0D}.Release|Any CPU.ActiveCfg = Release|Any CPU
		{A9437722-0D89-472A-8C9E-005BE0198E0D}.Release|Any CPU.Build.0 = Release|Any CPU
		{A9437722-0D89-472A-8C9E-005BE0198E0D}.Release|x64.ActiveCfg = Release|Any CPU
		{A9437722-0D89-472A-8C9E-005BE0198E0D}.Release|x64.Build.0 = Release|Any CPU
		{A9437722-0D89-472A-8C9E-005BE0198E0D}.Release|x86.ActiveCfg = Release|Any CPU
		{A9437722-0D89-472A-8C9E-005BE0198E0D}.Release|x86.Build.0 = Release|Any CPU
	EndGlobalSection
	GlobalSection(SolutionProperties) = preSolution
		HideSolutionNode = FALSE
	EndGlobalSection
	GlobalSection(NestedProjects) = preSolution
		{524772F0-68DF-421A-8786-98BC3A649AE9} = {F0148F11-A5A8-DB69-AF32-CF4A822DFED8}
		{A9437722-0D89-472A-8C9E-005BE0198E0D} = {0AB3BF05-4346-4AA6-1389-037BE0695223}
	EndGlobalSection
EndGlobal
