
Microsoft Visual Studio Solution File, Format Version 12.00
# Visual Studio Version 17
VisualStudioVersion = 17.0.31903.59
MinimumVisualStudioVersion = 10.0.40219.1
Project("{2150E333-8FDC-42A3-9474-1A3956D46DE8}") = "src", "src", "{827E0CD3-B72D-47B6-A68D-7590B98EB39B}"
EndProject
Project("{2150E333-8FDC-42A3-9474-1A3956D46DE8}") = "Backend", "Backend", "{FE360695-3F2B-1049-3887-35FBB5135923}"
EndProject
Project("{FAE04EC0-301F-11D3-BF4B-00C04F79EFBC}") = "trilha-net-fundamentos-desafio", "src\Backend\trilha-net-fundamentos-desafio.csproj", "{526118D5-04DA-47E7-A903-3B7D1292F4F2}"
EndProject
Project("{FAE04EC0-301F-11D3-BF4B-00C04F79EFBC}") = "Parking.Shared", "src\Parking.Shared\Parking.Shared.csproj", "{72A4113E-B409-44EA-9DB9-8F28BF26D039}"
EndProject
Project("{2150E333-8FDC-42A3-9474-1A3956D46DE8}") = "newFrontend", "newFrontend", "{56C5E4F9-CB19-E12B-B7FF-76940C1A8BD3}"
EndProject
Project("{FAE04EC0-301F-11D3-BF4B-00C04F79EFBC}") = "newFrontend.Client", "src\newFrontend\newFrontend.Client\newFrontend.Client.csproj", "{7AF8D96D-51B4-4481-BCC5-27DE6526EC71}"
EndProject
Project("{2150E333-8FDC-42A3-9474-1A3956D46DE8}") = "test", "test", "{0C88DD14-F956-CE84-757C-A364CCF449FC}"
EndProject
Project("{FAE04EC0-301F-11D3-BF4B-00C04F79EFBC}") = "Backend.UnitTests", "test\Backend.UnitTests\Backend.UnitTests.csproj", "{B5D58CA6-0149-49AB-B113-A4CB386B1C8A}"
EndProject
Global
	GlobalSection(SolutionConfigurationPlatforms) = preSolution
		Debug|Any CPU = Debug|Any CPU
		Debug|x64 = Debug|x64
		Debug|x86 = Debug|x86
		Release|Any CPU = Release|Any CPU
		Release|x64 = Release|x64
		Release|x86 = Release|x86
	EndGlobalSection
	GlobalSection(ProjectConfigurationPlatforms) = postSolution
		{526118D5-04DA-47E7-A903-3B7D1292F4F2}.Debug|Any CPU.ActiveCfg = Debug|Any CPU
		{526118D5-04DA-47E7-A903-3B7D1292F4F2}.Debug|Any CPU.Build.0 = Debug|Any CPU
		{526118D5-04DA-47E7-A903-3B7D1292F4F2}.Debug|x64.ActiveCfg = Debug|Any CPU
		{526118D5-04DA-47E7-A903-3B7D1292F4F2}.Debug|x64.Build.0 = Debug|Any CPU
		{526118D5-04DA-47E7-A903-3B7D1292F4F2}.Debug|x86.ActiveCfg = Debug|Any CPU
		{526118D5-04DA-47E7-A903-3B7D1292F4F2}.Debug|x86.Build.0 = Debug|Any CPU
		{526118D5-04DA-47E7-A903-3B7D1292F4F2}.Release|Any CPU.ActiveCfg = Release|Any CPU
		{526118D5-04DA-47E7-A903-3B7D1292F4F2}.Release|Any CPU.Build.0 = Release|Any CPU
		{526118D5-04DA-47E7-A903-3B7D1292F4F2}.Release|x64.ActiveCfg = Release|Any CPU
		{526118D5-04DA-47E7-A903-3B7D1292F4F2}.Release|x64.Build.0 = Release|Any CPU
		{526118D5-04DA-47E7-A903-3B7D1292F4F2}.Release|x86.ActiveCfg = Release|Any CPU
		{526118D5-04DA-47E7-A903-3B7D1292F4F2}.Release|x86.Build.0 = Release|Any CPU
		{72A4113E-B409-44EA-9DB9-8F28BF26D039}.Debug|Any CPU.ActiveCfg = Debug|Any CPU
		{72A4113E-B409-44EA-9DB9-8F28BF26D039}.Debug|Any CPU.Build.0 = Debug|Any CPU
		{72A4113E-B409-44EA-9DB9-8F28BF26D039}.Debug|x64.ActiveCfg = Debug|Any CPU
		{72A4113E-B409-44EA-9DB9-8F28BF26D039}.Debug|x64.Build.0 = Debug|Any CPU
		{72A4113E-B409-44EA-9DB9-8F28BF26D039}.Debug|x86.ActiveCfg = Debug|Any CPU
		{72A4113E-B409-44EA-9DB9-8F28BF26D039}.Debug|x86.Build.0 = Debug|Any CPU
		{72A4113E-B409-44EA-9DB9-8F28BF26D039}.Release|Any CPU.ActiveCfg = Release|Any CPU
		{72A4113E-B409-44EA-9DB9-8F28BF26D039}.Release|Any CPU.Build.0 = Release|Any CPU
		{72A4113E-B409-44EA-9DB9-8F28BF26D039}.Release|x64.ActiveCfg = Release|Any CPU
		{72A4113E-B409-44EA-9DB9-8F28BF26D039}.Release|x64.Build.0 = Release|Any CPU
		{72A4113E-B409-44EA-9DB9-8F28BF26D039}.Release|x86.ActiveCfg = Release|Any CPU
		{72A4113E-B409-44EA-9DB9-8F28BF26D039}.Release|x86.Build.0 = Release|Any CPU
		{7AF8D96D-51B4-4481-BCC5-27DE6526EC71}.Debug|Any CPU.ActiveCfg = Debug|Any CPU
		{7AF8D96D-51B4-4481-BCC5-27DE6526EC71}.Debug|Any CPU.Build.0 = Debug|Any CPU
		{7AF8D96D-51B4-4481-BCC5-27DE6526EC71}.Debug|x64.ActiveCfg = Debug|Any CPU
		{7AF8D96D-51B4-4481-BCC5-27DE6526EC71}.Debug|x64.Build.0 = Debug|Any CPU
		{7AF8D96D-51B4-4481-BCC5-27DE6526EC71}.Debug|x86.ActiveCfg = Debug|Any CPU
		{7AF8D96D-51B4-4481-BCC5-27DE6526EC71}.Debug|x86.Build.0 = Debug|Any CPU
		{7AF8D96D-51B4-4481-BCC5-27DE6526EC71}.Release|Any CPU.ActiveCfg = Release|Any CPU
		{7AF8D96D-51B4-4481-BCC5-27DE6526EC71}.Release|Any CPU.Build.0 = Release|Any CPU
		{7AF8D96D-51B4-4481-BCC5-27DE6526EC71}.Release|x64.ActiveCfg = Release|Any CPU
		{7AF8D96D-51B4-4481-BCC5-27DE6526EC71}.Release|x64.Build.0 = Release|Any CPU
		{7AF8D96D-51B4-4481-BCC5-27DE6526EC71}.Release|x86.ActiveCfg = Release|Any CPU
		{7AF8D96D-51B4-4481-BCC5-27DE6526EC71}.Release|x86.Build.0 = Release|Any CPU
		{B5D58CA6-0149-49AB-B113-A4CB386B1C8A}.Debug|Any CPU.ActiveCfg = Debug|Any CPU
		{B5D58CA6-0149-49AB-B113-A4CB386B1C8A}.Debug|Any CPU.Build.0 = Debug|Any CPU
		{B5D58CA6-0149-49AB-B113-A4CB386B1C8A}.Debug|x64.ActiveCfg = Debug|Any CPU
		{B5D58CA6-0149-49AB-B113-A4CB386B1C8A}.Debug|x64.Build.0 = Debug|Any CPU
		{B5D58CA6-0149-49AB-B113-A4CB386B1C8A}.Debug|x86.ActiveCfg = Debug|Any CPU
		{B5D58CA6-0149-49AB-B113-A4CB386B1C8A}.Debug|x86.Build.0 = Debug|Any CPU
		{B5D58CA6-0149-49AB-B113-A4CB386B1C8A}.Release|Any CPU.ActiveCfg = Release|Any CPU
		{B5D58CA6-0149-49AB-B113-A4CB386B1C8A}.Release|Any CPU.Build.0 = Release|Any CPU
		{B5D58CA6-0149-49AB-B113-A4CB386B1C8A}.Release|x64.ActiveCfg = Release|Any CPU
		{B5D58CA6-0149-49AB-B113-A4CB386B1C8A}.Release|x64.Build.0 = Release|Any CPU
		{B5D58CA6-0149-49AB-B113-A4CB386B1C8A}.Release|x86.ActiveCfg = Release|Any CPU
		{B5D58CA6-0149-49AB-B113-A4CB386B1C8A}.Release|x86.Build.0 = Release|Any CPU
	EndGlobalSection
	GlobalSection(SolutionProperties) = preSolution
		HideSolutionNode = FALSE
	EndGlobalSection
	GlobalSection(NestedProjects) = preSolution
		{FE360695-3F2B-1049-3887-35FBB5135923} = {827E0CD3-B72D-47B6-A68D-7590B98EB39B}
		{526118D5-04DA-47E7-A903-3B7D1292F4F2} = {FE360695-3F2B-1049-3887-35FBB5135923}
		{72A4113E-B409-44EA-9DB9-8F28BF26D039} = {827E0CD3-B72D-47B6-A68D-7590B98EB39B}
		{56C5E4F9-CB19-E12B-B7FF-76940C1A8BD3} = {827E0CD3-B72D-47B6-A68D-7590B98EB39B}
		{7AF8D96D-51B4-4481-BCC5-27DE6526EC71} = {56C5E4F9-CB19-E12B-B7FF-76940C1A8BD3}
		{B5D58CA6-0149-49AB-B113-A4CB386B1C8A} = {0C88DD14-F956-CE84-757C-A364CCF449FC}
	EndGlobalSection
EndGlobal
